
Microsoft Visual Studio Solution File, Format Version 12.00
# Visual Studio 14
VisualStudioVersion = 14.0.24627.0
MinimumVisualStudioVersion = 10.0.40219.1
Project("{FAE04EC0-301F-11D3-BF4B-00C04F79EFBC}") = "CS.Util", "CS.Util\CS.Util.csproj", "{6B23F9BC-2832-433B-88CA-8649FCDB0070}"
EndProject
Project("{FAE04EC0-301F-11D3-BF4B-00C04F79EFBC}") = "CS.Wpf", "CS.Wpf\CS.Wpf.csproj", "{C1483750-CFEF-402F-9BBD-46138CEEEDD9}"
EndProject
Project("{FAE04EC0-301F-11D3-BF4B-00C04F79EFBC}") = "CS.Sockets", "CS.Sockets\CS.Sockets.csproj", "{B412B766-BEC2-407C-A7A1-0E5257511515}"
EndProject
Global
	GlobalSection(SolutionConfigurationPlatforms) = preSolution
		Debug|Any CPU = Debug|Any CPU
		Release|Any CPU = Release|Any CPU
	EndGlobalSection
	GlobalSection(ProjectConfigurationPlatforms) = postSolution
		{6B23F9BC-2832-433B-88CA-8649FCDB0070}.Debug|Any CPU.ActiveCfg = Debug|Any CPU
		{6B23F9BC-2832-433B-88CA-8649FCDB0070}.Debug|Any CPU.Build.0 = Debug|Any CPU
		{6B23F9BC-2832-433B-88CA-8649FCDB0070}.Release|Any CPU.ActiveCfg = Release|Any CPU
		{6B23F9BC-2832-433B-88CA-8649FCDB0070}.Release|Any CPU.Build.0 = Release|Any CPU
		{C1483750-CFEF-402F-9BBD-46138CEEEDD9}.Debug|Any CPU.ActiveCfg = Debug|Any CPU
		{C1483750-CFEF-402F-9BBD-46138CEEEDD9}.Debug|Any CPU.Build.0 = Debug|Any CPU
		{C1483750-CFEF-402F-9BBD-46138CEEEDD9}.Release|Any CPU.ActiveCfg = Release|Any CPU
		{C1483750-CFEF-402F-9BBD-46138CEEEDD9}.Release|Any CPU.Build.0 = Release|Any CPU
		{B412B766-BEC2-407C-A7A1-0E5257511515}.Debug|Any CPU.ActiveCfg = Debug|Any CPU
		{B412B766-BEC2-407C-A7A1-0E5257511515}.Debug|Any CPU.Build.0 = Debug|Any CPU
		{B412B766-BEC2-407C-A7A1-0E5257511515}.Release|Any CPU.ActiveCfg = Release|Any CPU
		{B412B766-BEC2-407C-A7A1-0E5257511515}.Release|Any CPU.Build.0 = Release|Any CPU
	EndGlobalSection
	GlobalSection(SolutionProperties) = preSolution
		HideSolutionNode = FALSE
	EndGlobalSection
EndGlobal
