
Microsoft Visual Studio Solution File, Format Version 12.00
# Visual Studio 14
VisualStudioVersion = 14.0.24720.0
MinimumVisualStudioVersion = 10.0.40219.1
Project("{FAE04EC0-301F-11D3-BF4B-00C04F79EFBC}") = "CS.Util", "CS.Util\CS.Util.csproj", "{6B23F9BC-2832-433B-88CA-8649FCDB0070}"
EndProject
Project("{FAE04EC0-301F-11D3-BF4B-00C04F79EFBC}") = "CS.Wpf", "CS.Wpf\CS.Wpf.csproj", "{C1483750-CFEF-402F-9BBD-46138CEEEDD9}"
EndProject
Project("{2150E333-8FDC-42A3-9474-1A3956D46DE8}") = "Tests", "Tests", "{54F038D1-5249-4409-95F8-262559035D77}"
EndProject
Project("{FAE04EC0-301F-11D3-BF4B-00C04F79EFBC}") = "CS.Util.Tests", "CS.Util.Tests\CS.Util.Tests.csproj", "{3492DC23-53CE-4FB2-AB08-FD588FBEFC0A}"
EndProject
Project("{FAE04EC0-301F-11D3-BF4B-00C04F79EFBC}") = "CS.Reactive", "CS.Reactive\CS.Reactive.csproj", "{B7F86C1A-B708-43DE-ACC1-67316460EBEB}"
EndProject
Project("{FAE04EC0-301F-11D3-BF4B-00C04F79EFBC}") = "CS.ConsoleTests", "CS.ConsoleTests\CS.ConsoleTests.csproj", "{ABC05CE9-519A-4E78-966D-BC04B075DC9E}"
EndProject
Project("{FAE04EC0-301F-11D3-BF4B-00C04F79EFBC}") = "CS.Runtime", "CS.Runtime\CS.Runtime.csproj", "{7E12F0A3-9C57-465F-A0A5-D35B59A7704B}"
EndProject
Project("{FAE04EC0-301F-11D3-BF4B-00C04F79EFBC}") = "CS.Updater", "CS.Updater\CS.Updater.csproj", "{BA950A09-743C-4FCB-B4D7-045BABA3B3B3}"
EndProject
Global
	GlobalSection(SolutionConfigurationPlatforms) = preSolution
		Debug|Any CPU = Debug|Any CPU
		Debug|x86 = Debug|x86
		Release|Any CPU = Release|Any CPU
		Release|x86 = Release|x86
	EndGlobalSection
	GlobalSection(ProjectConfigurationPlatforms) = postSolution
		{6B23F9BC-2832-433B-88CA-8649FCDB0070}.Debug|Any CPU.ActiveCfg = Debug|Any CPU
		{6B23F9BC-2832-433B-88CA-8649FCDB0070}.Debug|Any CPU.Build.0 = Debug|Any CPU
		{6B23F9BC-2832-433B-88CA-8649FCDB0070}.Debug|x86.ActiveCfg = Debug|Any CPU
		{6B23F9BC-2832-433B-88CA-8649FCDB0070}.Debug|x86.Build.0 = Debug|Any CPU
		{6B23F9BC-2832-433B-88CA-8649FCDB0070}.Release|Any CPU.ActiveCfg = Release|Any CPU
		{6B23F9BC-2832-433B-88CA-8649FCDB0070}.Release|Any CPU.Build.0 = Release|Any CPU
		{6B23F9BC-2832-433B-88CA-8649FCDB0070}.Release|x86.ActiveCfg = Release|Any CPU
		{6B23F9BC-2832-433B-88CA-8649FCDB0070}.Release|x86.Build.0 = Release|Any CPU
		{C1483750-CFEF-402F-9BBD-46138CEEEDD9}.Debug|Any CPU.ActiveCfg = Debug|Any CPU
		{C1483750-CFEF-402F-9BBD-46138CEEEDD9}.Debug|Any CPU.Build.0 = Debug|Any CPU
		{C1483750-CFEF-402F-9BBD-46138CEEEDD9}.Debug|x86.ActiveCfg = Debug|Any CPU
		{C1483750-CFEF-402F-9BBD-46138CEEEDD9}.Debug|x86.Build.0 = Debug|Any CPU
		{C1483750-CFEF-402F-9BBD-46138CEEEDD9}.Release|Any CPU.ActiveCfg = Release|Any CPU
		{C1483750-CFEF-402F-9BBD-46138CEEEDD9}.Release|Any CPU.Build.0 = Release|Any CPU
		{C1483750-CFEF-402F-9BBD-46138CEEEDD9}.Release|x86.ActiveCfg = Release|Any CPU
		{C1483750-CFEF-402F-9BBD-46138CEEEDD9}.Release|x86.Build.0 = Release|Any CPU
		{3492DC23-53CE-4FB2-AB08-FD588FBEFC0A}.Debug|Any CPU.ActiveCfg = Debug|Any CPU
		{3492DC23-53CE-4FB2-AB08-FD588FBEFC0A}.Debug|Any CPU.Build.0 = Debug|Any CPU
		{3492DC23-53CE-4FB2-AB08-FD588FBEFC0A}.Debug|x86.ActiveCfg = Debug|Any CPU
		{3492DC23-53CE-4FB2-AB08-FD588FBEFC0A}.Debug|x86.Build.0 = Debug|Any CPU
		{3492DC23-53CE-4FB2-AB08-FD588FBEFC0A}.Release|Any CPU.ActiveCfg = Release|Any CPU
		{3492DC23-53CE-4FB2-AB08-FD588FBEFC0A}.Release|Any CPU.Build.0 = Release|Any CPU
		{3492DC23-53CE-4FB2-AB08-FD588FBEFC0A}.Release|x86.ActiveCfg = Release|Any CPU
		{3492DC23-53CE-4FB2-AB08-FD588FBEFC0A}.Release|x86.Build.0 = Release|Any CPU
		{B7F86C1A-B708-43DE-ACC1-67316460EBEB}.Debug|Any CPU.ActiveCfg = Debug|Any CPU
		{B7F86C1A-B708-43DE-ACC1-67316460EBEB}.Debug|Any CPU.Build.0 = Debug|Any CPU
		{B7F86C1A-B708-43DE-ACC1-67316460EBEB}.Debug|x86.ActiveCfg = Debug|Any CPU
		{B7F86C1A-B708-43DE-ACC1-67316460EBEB}.Debug|x86.Build.0 = Debug|Any CPU
		{B7F86C1A-B708-43DE-ACC1-67316460EBEB}.Release|Any CPU.ActiveCfg = Release|Any CPU
		{B7F86C1A-B708-43DE-ACC1-67316460EBEB}.Release|Any CPU.Build.0 = Release|Any CPU
		{B7F86C1A-B708-43DE-ACC1-67316460EBEB}.Release|x86.ActiveCfg = Release|Any CPU
		{B7F86C1A-B708-43DE-ACC1-67316460EBEB}.Release|x86.Build.0 = Release|Any CPU
		{ABC05CE9-519A-4E78-966D-BC04B075DC9E}.Debug|Any CPU.ActiveCfg = Debug|Any CPU
		{ABC05CE9-519A-4E78-966D-BC04B075DC9E}.Debug|Any CPU.Build.0 = Debug|Any CPU
		{ABC05CE9-519A-4E78-966D-BC04B075DC9E}.Debug|x86.ActiveCfg = Debug|Any CPU
		{ABC05CE9-519A-4E78-966D-BC04B075DC9E}.Debug|x86.Build.0 = Debug|Any CPU
		{ABC05CE9-519A-4E78-966D-BC04B075DC9E}.Release|Any CPU.ActiveCfg = Release|Any CPU
		{ABC05CE9-519A-4E78-966D-BC04B075DC9E}.Release|Any CPU.Build.0 = Release|Any CPU
		{ABC05CE9-519A-4E78-966D-BC04B075DC9E}.Release|x86.ActiveCfg = Release|Any CPU
		{ABC05CE9-519A-4E78-966D-BC04B075DC9E}.Release|x86.Build.0 = Release|Any CPU
		{7E12F0A3-9C57-465F-A0A5-D35B59A7704B}.Debug|Any CPU.ActiveCfg = Debug|Any CPU
		{7E12F0A3-9C57-465F-A0A5-D35B59A7704B}.Debug|Any CPU.Build.0 = Debug|Any CPU
		{7E12F0A3-9C57-465F-A0A5-D35B59A7704B}.Debug|x86.ActiveCfg = Debug|Any CPU
		{7E12F0A3-9C57-465F-A0A5-D35B59A7704B}.Debug|x86.Build.0 = Debug|Any CPU
		{7E12F0A3-9C57-465F-A0A5-D35B59A7704B}.Release|Any CPU.ActiveCfg = Release|Any CPU
		{7E12F0A3-9C57-465F-A0A5-D35B59A7704B}.Release|Any CPU.Build.0 = Release|Any CPU
		{7E12F0A3-9C57-465F-A0A5-D35B59A7704B}.Release|x86.ActiveCfg = Release|Any CPU
		{7E12F0A3-9C57-465F-A0A5-D35B59A7704B}.Release|x86.Build.0 = Release|Any CPU
		{BA950A09-743C-4FCB-B4D7-045BABA3B3B3}.Debug|Any CPU.ActiveCfg = Debug|Any CPU
		{BA950A09-743C-4FCB-B4D7-045BABA3B3B3}.Debug|Any CPU.Build.0 = Debug|Any CPU
		{BA950A09-743C-4FCB-B4D7-045BABA3B3B3}.Debug|x86.ActiveCfg = Debug|Any CPU
		{BA950A09-743C-4FCB-B4D7-045BABA3B3B3}.Debug|x86.Build.0 = Debug|Any CPU
		{BA950A09-743C-4FCB-B4D7-045BABA3B3B3}.Release|Any CPU.ActiveCfg = Release|Any CPU
		{BA950A09-743C-4FCB-B4D7-045BABA3B3B3}.Release|Any CPU.Build.0 = Release|Any CPU
		{BA950A09-743C-4FCB-B4D7-045BABA3B3B3}.Release|x86.ActiveCfg = Release|Any CPU
		{BA950A09-743C-4FCB-B4D7-045BABA3B3B3}.Release|x86.Build.0 = Release|Any CPU
	EndGlobalSection
	GlobalSection(SolutionProperties) = preSolution
		HideSolutionNode = FALSE
	EndGlobalSection
	GlobalSection(NestedProjects) = preSolution
		{3492DC23-53CE-4FB2-AB08-FD588FBEFC0A} = {54F038D1-5249-4409-95F8-262559035D77}
		{ABC05CE9-519A-4E78-966D-BC04B075DC9E} = {54F038D1-5249-4409-95F8-262559035D77}
	EndGlobalSection
EndGlobal
